
Microsoft Visual Studio Solution File, Format Version 12.00
# Visual Studio Version 17
VisualStudioVersion = 17.9.34622.214
MinimumVisualStudioVersion = 10.0.40219.1
Project("{8BC9CEB8-8B4A-11D0-8D11-00A0C91BC942}") = "Client", "Client.vcxproj", "{75DA7816-44BD-42EC-AD6B-777ACE5E2BCA}"
EndProject
Global
	GlobalSection(SolutionConfigurationPlatforms) = preSolution
		Debug|x64 = Debug|x64
		Debug|x86 = Debug|x86
		Release|x64 = Release|x64
		Release|x86 = Release|x86
	EndGlobalSection
	GlobalSection(ProjectConfigurationPlatforms) = postSolution
		{75DA7816-44BD-42EC-AD6B-777ACE5E2BCA}.Debug|x64.ActiveCfg = Debug|x64
		{75DA7816-44BD-42EC-AD6B-777ACE5E2BCA}.Debug|x64.Build.0 = Debug|x64
		{75DA7816-44BD-42EC-AD6B-777ACE5E2BCA}.Debug|x86.ActiveCfg = Debug|Win32
		{75DA7816-44BD-42EC-AD6B-777ACE5E2BCA}.Debug|x86.Build.0 = Debug|Win32
		{75DA7816-44BD-42EC-AD6B-777ACE5E2BCA}.Release|x64.ActiveCfg = Release|x64
		{75DA7816-44BD-42EC-AD6B-777ACE5E2BCA}.Release|x64.Build.0 = Release|x64
		{75DA7816-44BD-42EC-AD6B-777ACE5E2BCA}.Release|x86.ActiveCfg = Release|Win32
		{75DA7816-44BD-42EC-AD6B-777ACE5E2BCA}.Release|x86.Build.0 = Release|Win32
	EndGlobalSection
	GlobalSection(SolutionProperties) = preSolution
		HideSolutionNode = FALSE
	EndGlobalSection
	GlobalSection(ExtensibilityGlobals) = postSolution
		SolutionGuid = {08A0B3E7-CA60-4B27-A13A-14B16F03E533}
	EndGlobalSection
EndGlobal
